
Microsoft Visual Studio Solution File, Format Version 12.00
# Visual Studio Version 17
VisualStudioVersion = 17.14.36109.1
MinimumVisualStudioVersion = 10.0.40219.1
Project("{8BC9CEB8-8B4A-11D0-8D11-00A0C91BC942}") = "Program", "Program\Program.vcxproj", "{406A17EC-0D3D-4391-AE88-2B063D8EDFEF}"
EndProject
Project("{8BC9CEB8-8B4A-11D0-8D11-00A0C91BC942}") = "Class 1th (Singgle linked list)", "Class 1th (Singgle linked list)\Class 1th (Singgle linked list).vcxproj", "{BFE961C7-5188-49DD-9582-7300BB979525}"
EndProject
Project("{8BC9CEB8-8B4A-11D0-8D11-00A0C91BC942}") = "Class 2th (Double Linked List)", "Class 2th (Double Linked List)\Class 2th (Double Linked List).vcxproj", "{41EA6AB9-5145-47B6-B510-746D829F39A4}"
EndProject
Project("{8BC9CEB8-8B4A-11D0-8D11-00A0C91BC942}") = "Class 3th (Circle Linked List)", "Class 3th (Circle Linked List)\Class 3th (Circle Linked List).vcxproj", "{CCC676CD-2A7E-434A-B06A-F7E427D198AC}"
EndProject
Global
	GlobalSection(SolutionConfigurationPlatforms) = preSolution
		Debug|x64 = Debug|x64
		Debug|x86 = Debug|x86
		Release|x64 = Release|x64
		Release|x86 = Release|x86
	EndGlobalSection
	GlobalSection(ProjectConfigurationPlatforms) = postSolution
		{406A17EC-0D3D-4391-AE88-2B063D8EDFEF}.Debug|x64.ActiveCfg = Debug|x64
		{406A17EC-0D3D-4391-AE88-2B063D8EDFEF}.Debug|x64.Build.0 = Debug|x64
		{406A17EC-0D3D-4391-AE88-2B063D8EDFEF}.Debug|x86.ActiveCfg = Debug|Win32
		{406A17EC-0D3D-4391-AE88-2B063D8EDFEF}.Debug|x86.Build.0 = Debug|Win32
		{406A17EC-0D3D-4391-AE88-2B063D8EDFEF}.Release|x64.ActiveCfg = Release|x64
		{406A17EC-0D3D-4391-AE88-2B063D8EDFEF}.Release|x64.Build.0 = Release|x64
		{406A17EC-0D3D-4391-AE88-2B063D8EDFEF}.Release|x86.ActiveCfg = Release|Win32
		{406A17EC-0D3D-4391-AE88-2B063D8EDFEF}.Release|x86.Build.0 = Release|Win32
		{BFE961C7-5188-49DD-9582-7300BB979525}.Debug|x64.ActiveCfg = Debug|x64
		{BFE961C7-5188-49DD-9582-7300BB979525}.Debug|x64.Build.0 = Debug|x64
		{BFE961C7-5188-49DD-9582-7300BB979525}.Debug|x86.ActiveCfg = Debug|Win32
		{BFE961C7-5188-49DD-9582-7300BB979525}.Debug|x86.Build.0 = Debug|Win32
		{BFE961C7-5188-49DD-9582-7300BB979525}.Release|x64.ActiveCfg = Release|x64
		{BFE961C7-5188-49DD-9582-7300BB979525}.Release|x64.Build.0 = Release|x64
		{BFE961C7-5188-49DD-9582-7300BB979525}.Release|x86.ActiveCfg = Release|Win32
		{BFE961C7-5188-49DD-9582-7300BB979525}.Release|x86.Build.0 = Release|Win32
		{41EA6AB9-5145-47B6-B510-746D829F39A4}.Debug|x64.ActiveCfg = Debug|x64
		{41EA6AB9-5145-47B6-B510-746D829F39A4}.Debug|x64.Build.0 = Debug|x64
		{41EA6AB9-5145-47B6-B510-746D829F39A4}.Debug|x86.ActiveCfg = Debug|Win32
		{41EA6AB9-5145-47B6-B510-746D829F39A4}.Debug|x86.Build.0 = Debug|Win32
		{41EA6AB9-5145-47B6-B510-746D829F39A4}.Release|x64.ActiveCfg = Release|x64
		{41EA6AB9-5145-47B6-B510-746D829F39A4}.Release|x64.Build.0 = Release|x64
		{41EA6AB9-5145-47B6-B510-746D829F39A4}.Release|x86.ActiveCfg = Release|Win32
		{41EA6AB9-5145-47B6-B510-746D829F39A4}.Release|x86.Build.0 = Release|Win32
		{CCC676CD-2A7E-434A-B06A-F7E427D198AC}.Debug|x64.ActiveCfg = Debug|x64
		{CCC676CD-2A7E-434A-B06A-F7E427D198AC}.Debug|x64.Build.0 = Debug|x64
		{CCC676CD-2A7E-434A-B06A-F7E427D198AC}.Debug|x86.ActiveCfg = Debug|Win32
		{CCC676CD-2A7E-434A-B06A-F7E427D198AC}.Debug|x86.Build.0 = Debug|Win32
		{CCC676CD-2A7E-434A-B06A-F7E427D198AC}.Release|x64.ActiveCfg = Release|x64
		{CCC676CD-2A7E-434A-B06A-F7E427D198AC}.Release|x64.Build.0 = Release|x64
		{CCC676CD-2A7E-434A-B06A-F7E427D198AC}.Release|x86.ActiveCfg = Release|Win32
		{CCC676CD-2A7E-434A-B06A-F7E427D198AC}.Release|x86.Build.0 = Release|Win32
	EndGlobalSection
	GlobalSection(SolutionProperties) = preSolution
		HideSolutionNode = FALSE
	EndGlobalSection
	GlobalSection(ExtensibilityGlobals) = postSolution
		SolutionGuid = {331FEF18-138A-4D60-97C4-0C2918685F3D}
	EndGlobalSection
EndGlobal
